# This file was autogenerated by Stack.
# You should not edit this file by hand.
# For more information, please see the documentation at:
#   https://docs.haskellstack.org/en/stable/lock_files

packages:
- completed:
    hackage: relude-0.6.0.0@sha256:094ad587b28fa8dcc78fd0fba8927b970e5e4a9bb10a3126c0ca32a7ee61f3ca,8681
    pantry-tree:
      size: 4101
      sha256: 79a99fd25ca55b12910780ed52fa60f3b19d97be03cb6ad5ad96abaf4f428478
  original:
    hackage: relude-0.6.0.0
snapshots:
- completed:
    size: 525663
    url: https://raw.githubusercontent.com/commercialhaskell/stackage-snapshots/master/lts/14/14.yaml
    sha256: 6edc48df46eb8bf7b861e98dd30d021a92c2e1820c9bb6528aac5d997b0e14ef
  original: lts-14.14
